lockfileVersion: '6.0'

settings:
  autoInstallPeers: true
  excludeLinksFromLockfile: false

dependencies:
  uint8-util:
    specifier: ^2.2.3
    version: 2.2.3

devDependencies:
  assert:
    specifier: ^2.0.0
    version: 2.0.0
  ebml-stream:
    specifier: ^1.0.3
    version: 1.0.3
  jasmine:
    specifier: ^4.5.0
    version: 4.5.0

packages:

  /assert@2.0.0:
    resolution: {integrity: sha512-se5Cd+js9dXJnu6Ag2JFc00t+HmHOen+8Q+L7O9zI0PqQXr20uk2J0XQqMxZEeo5U50o8Nvmmx7dZrl+Ufr35A==}
    dependencies:
      es6-object-assign: 1.1.0
      is-nan: 1.3.2
      object-is: 1.1.5
      util: 0.12.5
    dev: true

  /available-typed-arrays@1.0.5:
    resolution: {integrity: sha512-DMD0KiN46eipeziST1LPP/STfDU0sufISXmjSgvVsoU2tqxctQeASejWcfNtxYKqETM1UxQ8sp2OrSBWpHY6sw==}
    engines: {node: '>= 0.4'}
    dev: true

  /balanced-match@1.0.2:
    resolution: {integrity: sha512-3oSeUO0TMV67hN1AmbXsK4yaqU7tjiHlbxRDZOpH0KW9+CeX4bRAaX0Anxt0tx2MrpRpWwQaPwIlISEJhYU5Pw==}
    dev: true

  /base64-arraybuffer@1.0.2:
    resolution: {integrity: sha512-I3yl4r9QB5ZRY3XuJVEPfc2XhZO6YweFPI+UovAzn+8/hb3oJ6lnysaFcjVpkCPfVWFUDvoZ8kmVDP7WyRtYtQ==}
    engines: {node: '>= 0.6.0'}
    dev: false

  /brace-expansion@1.1.11:
    resolution: {integrity: sha512-iCuPHDFgrHX7H2vEI/5xpz07zSHB00TpugqhmYtVmMO6518mCuRMoOYFldEBl0g187ufozdaHgWKcYFb61qGiA==}
    dependencies:
      balanced-match: 1.0.2
      concat-map: 0.0.1
    dev: true

  /call-bind@1.0.2:
    resolution: {integrity: sha512-7O+FbCihrB5WGbFYesctwmTKae6rOiIzmz1icreWJ+0aA7LJfuqhEso2T9ncpcFtzMQtzXf2QGGueWJGTYsqrA==}
    dependencies:
      function-bind: 1.1.1
      get-intrinsic: 1.2.0
    dev: true

  /concat-map@0.0.1:
    resolution: {integrity: sha512-/Srv4dswyQNBfohGpz9o6Yb3Gz3SrUDqBH5rTuhGR7ahtlbYKnVxw2bCFMRljaA7EXHaXZ8wsHdodFvbkhKmqg==}
    dev: true

  /define-properties@1.2.0:
    resolution: {integrity: sha512-xvqAVKGfT1+UAvPwKTVw/njhdQ8ZhXK4lI0bCIuCMrp2up9nPnaDftrLtmpTazqd1o+UY4zgzU+avtMbDP+ldA==}
    engines: {node: '>= 0.4'}
    dependencies:
      has-property-descriptors: 1.0.0
      object-keys: 1.1.1
    dev: true

  /ebml-stream@1.0.3:
    resolution: {integrity: sha512-A+jCBY5NNAH/CQlcjLWN9txgv3uNiz+UAmMqDHPxFxoMNnuerV0RLhkE0YI9aNhdS3JVfcEQ9jFWq39fAR2W5g==}
    engines: {node: '>= 10.10.0'}
    dev: true

  /es6-object-assign@1.1.0:
    resolution: {integrity: sha512-MEl9uirslVwqQU369iHNWZXsI8yaZYGg/D65aOgZkeyFJwHYSxilf7rQzXKI7DdDuBPrBXbfk3sl9hJhmd5AUw==}
    dev: true

  /for-each@0.3.3:
    resolution: {integrity: sha512-jqYfLp7mo9vIyQf8ykW2v7A+2N4QjeCeI5+Dz9XraiO1ign81wjiH7Fb9vSOWvQfNtmSa4H2RoQTrrXivdUZmw==}
    dependencies:
      is-callable: 1.2.7
    dev: true

  /fs.realpath@1.0.0:
    resolution: {integrity: sha512-OO0pH2lK6a0hZnAdau5ItzHPI6pUlvI7jMVnxUQRtw4owF2wk8lOSabtGDCTP4Ggrg2MbGnWO9X8K1t4+fGMDw==}
    dev: true

  /function-bind@1.1.1:
    resolution: {integrity: sha512-yIovAzMX49sF8Yl58fSCWJ5svSLuaibPxXQJFLmBObTuCr0Mf1KiPopGM9NiFjiYBCbfaa2Fh6breQ6ANVTI0A==}
    dev: true

  /get-intrinsic@1.2.0:
    resolution: {integrity: sha512-L049y6nFOuom5wGyRc3/gdTLO94dySVKRACj1RmJZBQXlbTMhtNIgkWkUHq+jYmZvKf14EW1EoJnnjbmoHij0Q==}
    dependencies:
      function-bind: 1.1.1
      has: 1.0.3
      has-symbols: 1.0.3
    dev: true

  /glob@7.2.3:
    resolution: {integrity: sha512-nFR0zLpU2YCaRxwoCJvL6UvCH2JFyFVIvwTLsIf21AuHlMskA1hhTdk+LlYJtOlYt9v6dvszD2BGRqBL+iQK9Q==}
    dependencies:
      fs.realpath: 1.0.0
      inflight: 1.0.6
      inherits: 2.0.4
      minimatch: 3.1.2
      once: 1.4.0
      path-is-absolute: 1.0.1
    dev: true

  /gopd@1.0.1:
    resolution: {integrity: sha512-d65bNlIadxvpb/A2abVdlqKqV563juRnZ1Wtk6s1sIR8uNsXR70xqIzVqxVf1eTqDunwT2MkczEeaezCKTZhwA==}
    dependencies:
      get-intrinsic: 1.2.0
    dev: true

  /has-property-descriptors@1.0.0:
    resolution: {integrity: sha512-62DVLZGoiEBDHQyqG4w9xCuZ7eJEwNmJRWw2VY84Oedb7WFcA27fiEVe8oUQx9hAUJ4ekurquucTGwsyO1XGdQ==}
    dependencies:
      get-intrinsic: 1.2.0
    dev: true

  /has-symbols@1.0.3:
    resolution: {integrity: sha512-l3LCuF6MgDNwTDKkdYGEihYjt5pRPbEg46rtlmnSPlUbgmB8LOIrKJbYYFBSbnPaJexMKtiPO8hmeRjRz2Td+A==}
    engines: {node: '>= 0.4'}
    dev: true

  /has-tostringtag@1.0.0:
    resolution: {integrity: sha512-kFjcSNhnlGV1kyoGk7OXKSawH5JOb/LzUc5w9B02hOTO0dfFRjbHQKvg1d6cf3HbeUmtU9VbbV3qzZ2Teh97WQ==}
    engines: {node: '>= 0.4'}
    dependencies:
      has-symbols: 1.0.3
    dev: true

  /has@1.0.3:
    resolution: {integrity: sha512-f2dvO0VU6Oej7RkWJGrehjbzMAjFp5/VKPp5tTpWIV4JHHZK1/BxbFRtf/siA2SWTe09caDmVtYYzWEIbBS4zw==}
    engines: {node: '>= 0.4.0'}
    dependencies:
      function-bind: 1.1.1
    dev: true

  /inflight@1.0.6:
    resolution: {integrity: sha512-k92I/b08q4wvFscXCLvqfsHCrjrF7yiXsQuIVvVE7N82W3+aqpzuUdBbfhWcy/FZR3/4IgflMgKLOsvPDrGCJA==}
    dependencies:
      once: 1.4.0
      wrappy: 1.0.2
    dev: true

  /inherits@2.0.4:
    resolution: {integrity: sha512-k/vGaX4/Yla3WzyMCvTQOXYeIHvqOKtnqBduzTHpzpQZzAskKMhZ2K+EnBiSM9zGSoIFeMpXKxa4dYeZIQqewQ==}
    dev: true

  /is-arguments@1.1.1:
    resolution: {integrity: sha512-8Q7EARjzEnKpt/PCD7e1cgUS0a6X8u5tdSiMqXhojOdoV9TsMsiO+9VLC5vAmO8N7/GmXn7yjR8qnA6bVAEzfA==}
    engines: {node: '>= 0.4'}
    dependencies:
      call-bind: 1.0.2
      has-tostringtag: 1.0.0
    dev: true

  /is-callable@1.2.7:
    resolution: {integrity: sha512-1BC0BVFhS/p0qtw6enp8e+8OD0UrK0oFLztSjNzhcKA3WDuJxxAPXzPuPtKkjEY9UUoEWlX/8fgKeu2S8i9JTA==}
    engines: {node: '>= 0.4'}
    dev: true

  /is-generator-function@1.0.10:
    resolution: {integrity: sha512-jsEjy9l3yiXEQ+PsXdmBwEPcOxaXWLspKdplFUVI9vq1iZgIekeC0L167qeu86czQaxed3q/Uzuw0swL0irL8A==}
    engines: {node: '>= 0.4'}
    dependencies:
      has-tostringtag: 1.0.0
    dev: true

  /is-nan@1.3.2:
    resolution: {integrity: sha512-E+zBKpQ2t6MEo1VsonYmluk9NxGrbzpeeLC2xIViuO2EjU2xsXsBPwTr3Ykv9l08UYEVEdWeRZNouaZqF6RN0w==}
    engines: {node: '>= 0.4'}
    dependencies:
      call-bind: 1.0.2
      define-properties: 1.2.0
    dev: true

  /is-typed-array@1.1.10:
    resolution: {integrity: sha512-PJqgEHiWZvMpaFZ3uTc8kHPM4+4ADTlDniuQL7cU/UDA0Ql7F70yGfHph3cLNe+c9toaigv+DFzTJKhc2CtO6A==}
    engines: {node: '>= 0.4'}
    dependencies:
      available-typed-arrays: 1.0.5
      call-bind: 1.0.2
      for-each: 0.3.3
      gopd: 1.0.1
      has-tostringtag: 1.0.0
    dev: true

  /jasmine-core@4.5.0:
    resolution: {integrity: sha512-9PMzyvhtocxb3aXJVOPqBDswdgyAeSB81QnLop4npOpbqnheaTEwPc9ZloQeVswugPManznQBjD8kWDTjlnHuw==}
    dev: true

  /jasmine@4.5.0:
    resolution: {integrity: sha512-9olGRvNZyADIwYL9XBNBst5BTU/YaePzuddK+YRslc7rI9MdTIE4r3xaBKbv2GEmzYYUfMOdTR8/i6JfLZaxSQ==}
    hasBin: true
    dependencies:
      glob: 7.2.3
      jasmine-core: 4.5.0
    dev: true

  /minimatch@3.1.2:
    resolution: {integrity: sha512-J7p63hRiAjw1NDEww1W7i37+ByIrOWO5XQQAzZ3VOcL0PNybwpfmV/N05zFAzwQ9USyEcX6t3UO+K5aqBQOIHw==}
    dependencies:
      brace-expansion: 1.1.11
    dev: true

  /object-is@1.1.5:
    resolution: {integrity: sha512-3cyDsyHgtmi7I7DfSSI2LDp6SK2lwvtbg0p0R1e0RvTqF5ceGx+K2dfSjm1bKDMVCFEDAQvy+o8c6a7VujOddw==}
    engines: {node: '>= 0.4'}
    dependencies:
      call-bind: 1.0.2
      define-properties: 1.2.0
    dev: true

  /object-keys@1.1.1:
    resolution: {integrity: sha512-NuAESUOUMrlIXOfHKzD6bpPu3tYt3xvjNdRIQ+FeT0lNb4K8WR70CaDxhuNguS2XG+GjkyMwOzsN5ZktImfhLA==}
    engines: {node: '>= 0.4'}
    dev: true

  /once@1.4.0:
    resolution: {integrity: sha512-lNaJgI+2Q5URQBkccEKHTQOPaXdUxnZZElQTZY0MFUAuaEqe1E+Nyvgdz/aIyNi6Z9MzO5dv1H8n58/GELp3+w==}
    dependencies:
      wrappy: 1.0.2
    dev: true

  /path-is-absolute@1.0.1:
    resolution: {integrity: sha512-AVbw3UJ2e9bq64vSaS9Am0fje1Pa8pbGqTTsmXfaIiMpnr5DlDhfJOuLj9Sf95ZPVDAUerDfEk88MPmPe7UCQg==}
    engines: {node: '>=0.10.0'}
    dev: true

  /uint8-util@2.2.3:
    resolution: {integrity: sha512-FtRKosYvGfP6gcX15JSrG7BkvwdZTFtiXH05NMZagEwthY/XUFoSxENEdtky0MfhyVhffLGUt9M9gWEaSmj2aA==}
    dependencies:
      base64-arraybuffer: 1.0.2
    dev: false

  /util@0.12.5:
    resolution: {integrity: sha512-kZf/K6hEIrWHI6XqOFUiiMa+79wE/D8Q+NCNAWclkyg3b4d2k7s0QGepNjiABc+aR3N1PAyHL7p6UcLY6LmrnA==}
    dependencies:
      inherits: 2.0.4
      is-arguments: 1.1.1
      is-generator-function: 1.0.10
      is-typed-array: 1.1.10
      which-typed-array: 1.1.9
    dev: true

  /which-typed-array@1.1.9:
    resolution: {integrity: sha512-w9c4xkx6mPidwp7180ckYWfMmvxpjlZuIudNtDf4N/tTAUB8VJbX25qZoAsrtGuYNnGw3pa0AXgbGKRB8/EceA==}
    engines: {node: '>= 0.4'}
    dependencies:
      available-typed-arrays: 1.0.5
      call-bind: 1.0.2
      for-each: 0.3.3
      gopd: 1.0.1
      has-tostringtag: 1.0.0
      is-typed-array: 1.1.10
    dev: true

  /wrappy@1.0.2:
    resolution: {integrity: sha512-l4Sp/DRseor9wL6EvV2+TuQn63dMkPjZ/sp9XkghTEbV9KlPS1xUsZ3u7/IQO4wxtcFB4bgpQPRcR3QCvezPcQ==}
    dev: true
